// !$*UTF8*$!
{
	archiveVersion = 1;
	classes = {
	};
	objectVersion = 46;
	objects = {

/* Begin PBXBuildFile section */
		6CB22F341A9EBA0D00650120 /* main.m in Sources */ = {isa = PBXBuildFile; fileRef = 6CB22F331A9EBA0D00650120 /* main.m */; };
		6CB22F371A9EBA0D00650120 /* AppDelegate.m in Sources */ = {isa = PBXBuildFile; fileRef = 6CB22F361A9EBA0D00650120 /* AppDelegate.m */; };
		6CB22F3A1A9EBA0D00650120 /* MMDrawerController_issue_searchbar.xcdatamodeld in Sources */ = {isa = PBXBuildFile; fileRef = 6CB22F381A9EBA0D00650120 /* MMDrawerController_issue_searchbar.xcdatamodeld */; };
		6CB22F3D1A9EBA0D00650120 /* ViewController.m in Sources */ = {isa = PBXBuildFile; fileRef = 6CB22F3C1A9EBA0D00650120 /* ViewController.m */; };
		6CB22F401A9EBA0D00650120 /* Main.storyboard in Resources */ = {isa = PBXBuildFile; fileRef = 6CB22F3E1A9EBA0D00650120 /* Main.storyboard */; };
		6CB22F421A9EBA0D00650120 /* Images.xcassets in Resources */ = {isa = PBXBuildFile; fileRef = 6CB22F411A9EBA0D00650120 /* Images.xcassets */; };
		6CB22F451A9EBA0D00650120 /* LaunchScreen.xib in Resources */ = {isa = PBXBuildFile; fileRef = 6CB22F431A9EBA0D00650120 /* LaunchScreen.xib */; };
		6CB22F511A9EBA0D00650120 /* MMDrawerController_issue_searchbarTests.m in Sources */ = {isa = PBXBuildFile; fileRef = 6CB22F501A9EBA0D00650120 /* MMDrawerController_issue_searchbarTests.m */; };
/* End PBXBuildFile section */

/* Begin PBXContainerItemProxy section */
		6CB22F4B1A9EBA0D00650120 /* PBXContainerItemProxy */ = {
			isa = PBXContainerItemProxy;
			containerPortal = 6CB22F261A9EBA0D00650120 /* Project object */;
			proxyType = 1;
			remoteGlobalIDString = 6CB22F2D1A9EBA0D00650120;
			remoteInfo = "MMDrawerController-issue-searchbar";
		};
/* End PBXContainerItemProxy section */

/* Begin PBXFileReference section */
		6CB22F2E1A9EBA0D00650120 /* MMDrawerController-issue-searchbar.app */ = {isa = PBXFileReference; explicitFileType = wrapper.application; includeInIndex = 0; path = "MMDrawerController-issue-searchbar.app"; sourceTree = BUILT_PRODUCTS_DIR; };
		6CB22F321A9EBA0D00650120 /* Info.plist */ = {isa = PBXFileReference; lastKnownFileType = text.plist.xml; path = Info.plist; sourceTree = "<group>"; };
		6CB22F331A9EBA0D00650120 /* main.m */ = {isa = PBXFileReference; lastKnownFileType = sourcecode.c.objc; path = main.m; sourceTree = "<group>"; };
		6CB22F351A9EBA0D00650120 /* AppDelegate.h */ = {isa = PBXFileReference; lastKnownFileType = sourcecode.c.h; path = AppDelegate.h; sourceTree = "<group>"; };
		6CB22F361A9EBA0D00650120 /* AppDelegate.m */ = {isa = PBXFileReference; lastKnownFileType = sourcecode.c.objc; path = AppDelegate.m; sourceTree = "<group>"; };
		6CB22F391A9EBA0D00650120 /* MMDrawerController_issue_searchbar.xcdatamodel */ = {isa = PBXFileReference; lastKnownFileType = wrapper.xcdatamodel; path = MMDrawerController_issue_searchbar.xcdatamodel; sourceTree = "<group>"; };
		6CB22F3B1A9EBA0D00650120 /* ViewController.h */ = {isa = PBXFileReference; lastKnownFileType = sourcecode.c.h; path = ViewController.h; sourceTree = "<group>"; };
		6CB22F3C1A9EBA0D00650120 /* ViewController.m */ = {isa = PBXFileReference; lastKnownFileType = sourcecode.c.objc; path = ViewController.m; sourceTree = "<group>"; };
		6CB22F3F1A9EBA0D00650120 /* Base */ = {isa = PBXFileReference; lastKnownFileType = file.storyboard; name = Base; path = Base.lproj/Main.storyboard; sourceTree = "<group>"; };
		6CB22F411A9EBA0D00650120 /* Images.xcassets */ = {isa = PBXFileReference; lastKnownFileType = folder.assetcatalog; path = Images.xcassets; sourceTree = "<group>"; };
		6CB22F441A9EBA0D00650120 /* Base */ = {isa = PBXFileReference; lastKnownFileType = file.xib; name = Base; path = Base.lproj/LaunchScreen.xib; sourceTree = "<group>"; };
		6CB22F4A1A9EBA0D00650120 /* MMDrawerController-issue-searchbarTests.xctest */ = {isa = PBXFileReference; explicitFileType = wrapper.cfbundle; includeInIndex = 0; path = "MMDrawerController-issue-searchbarTests.xctest"; sourceTree = BUILT_PRODUCTS_DIR; };
		6CB22F4F1A9EBA0D00650120 /* Info.plist */ = {isa = PBXFileReference; lastKnownFileType = text.plist.xml; path = Info.plist; sourceTree = "<group>"; };
		6CB22F501A9EBA0D00650120 /* MMDrawerController_issue_searchbarTests.m */ = {isa = PBXFileReference; lastKnownFileType = sourcecode.c.objc; path = MMDrawerController_issue_searchbarTests.m; sourceTree = "<group>"; };
/* End PBXFileReference section */

/* Begin PBXFrameworksBuildPhase section */
		6CB22F2B1A9EBA0D00650120 /* Frameworks */ = {
			isa = PBXFrameworksBuildPhase;
			buildActionMask = 2147483647;
			files = (
			);
			runOnlyForDeploymentPostprocessing = 0;
		};
		6CB22F471A9EBA0D00650120 /* Frameworks */ = {
			isa = PBXFrameworksBuildPhase;
			buildActionMask = 2147483647;
			files = (
			);
			runOnlyForDeploymentPostprocessing = 0;
		};
/* End PBXFrameworksBuildPhase section */

/* Begin PBXGroup section */
		6CB22F251A9EBA0D00650120 = {
			isa = PBXGroup;
			children = (
				6CB22F301A9EBA0D00650120 /* MMDrawerController-issue-searchbar */,
				6CB22F4D1A9EBA0D00650120 /* MMDrawerController-issue-searchbarTests */,
				6CB22F2F1A9EBA0D00650120 /* Products */,
			);
			sourceTree = "<group>";
		};
		6CB22F2F1A9EBA0D00650120 /* Products */ = {
			isa = PBXGroup;
			children = (
				6CB22F2E1A9EBA0D00650120 /* MMDrawerController-issue-searchbar.app */,
				6CB22F4A1A9EBA0D00650120 /* MMDrawerController-issue-searchbarTests.xctest */,
			);
			name = Products;
			sourceTree = "<group>";
		};
		6CB22F301A9EBA0D00650120 /* MMDrawerController-issue-searchbar */ = {
			isa = PBXGroup;
			children = (
				6CB22F351A9EBA0D00650120 /* AppDelegate.h */,
				6CB22F361A9EBA0D00650120 /* AppDelegate.m */,
				6CB22F3B1A9EBA0D00650120 /* ViewController.h */,
				6CB22F3C1A9EBA0D00650120 /* ViewController.m */,
				6CB22F3E1A9EBA0D00650120 /* Main.storyboard */,
				6CB22F411A9EBA0D00650120 /* Images.xcassets */,
				6CB22F431A9EBA0D00650120 /* LaunchScreen.xib */,
				6CB22F381A9EBA0D00650120 /* MMDrawerController_issue_searchbar.xcdatamodeld */,
				6CB22F311A9EBA0D00650120 /* Supporting Files */,
			);
			path = "MMDrawerController-issue-searchbar";
			sourceTree = "<group>";
		};
		6CB22F311A9EBA0D00650120 /* Supporting Files */ = {
			isa = PBXGroup;
			children = (
				6CB22F321A9EBA0D00650120 /* Info.plist */,
				6CB22F331A9EBA0D00650120 /* main.m */,
			);
			name = "Supporting Files";
			sourceTree = "<group>";
		};
		6CB22F4D1A9EBA0D00650120 /* MMDrawerController-issue-searchbarTests */ = {
			isa = PBXGroup;
			children = (
				6CB22F501A9EBA0D00650120 /* MMDrawerController_issue_searchbarTests.m */,
				6CB22F4E1A9EBA0D00650120 /* Supporting Files */,
			);
			path = "MMDrawerController-issue-searchbarTests";
			sourceTree = "<group>";
		};
		6CB22F4E1A9EBA0D00650120 /* Supporting Files */ = {
			isa = PBXGroup;
			children = (
				6CB22F4F1A9EBA0D00650120 /* Info.plist */,
			);
			name = "Supporting Files";
			sourceTree = "<group>";
		};
/* End PBXGroup section */

/* Begin PBXNativeTarget section */
		6CB22F2D1A9EBA0D00650120 /* MMDrawerController-issue-searchbar */ = {
			isa = PBXNativeTarget;
			buildConfigurationList = 6CB22F541A9EBA0D00650120 /* Build configuration list for PBXNativeTarget "MMDrawerController-issue-searchbar" */;
			buildPhases = (
				6CB22F2A1A9EBA0D00650120 /* Sources */,
				6CB22F2B1A9EBA0D00650120 /* Frameworks */,
				6CB22F2C1A9EBA0D00650120 /* Resources */,
			);
			buildRules = (
			);
			dependencies = (
			);
			name = "MMDrawerController-issue-searchbar";
			productName = "MMDrawerController-issue-searchbar";
			productReference = 6CB22F2E1A9EBA0D00650120 /* MMDrawerController-issue-searchbar.app */;
			productType = "com.apple.product-type.application";
		};
		6CB22F491A9EBA0D00650120 /* MMDrawerController-issue-searchbarTests */ = {
			isa = PBXNativeTarget;
			buildConfigurationList = 6CB22F571A9EBA0D00650120 /* Build configuration list for PBXNativeTarget "MMDrawerController-issue-searchbarTests" */;
			buildPhases = (
				6CB22F461A9EBA0D00650120 /* Sources */,
				6CB22F471A9EBA0D00650120 /* Frameworks */,
				6CB22F481A9EBA0D00650120 /* Resources */,
			);
			buildRules = (
			);
			dependencies = (
				6CB22F4C1A9EBA0D00650120 /* PBXTargetDependency */,
			);
			name = "MMDrawerController-issue-searchbarTests";
			productName = "MMDrawerController-issue-searchbarTests";
			productReference = 6CB22F4A1A9EBA0D00650120 /* MMDrawerController-issue-searchbarTests.xctest */;
			productType = "com.apple.product-type.bundle.unit-test";
		};
/* End PBXNativeTarget section */

/* Begin PBXProject section */
		6CB22F261A9EBA0D00650120 /* Project object */ = {
			isa = PBXProject;
			attributes = {
				LastUpgradeCheck = 0610;
				ORGANIZATIONNAME = daxh;
				TargetAttributes = {
					6CB22F2D1A9EBA0D00650120 = {
						CreatedOnToolsVersion = 6.1.1;
					};
					6CB22F491A9EBA0D00650120 = {
						CreatedOnToolsVersion = 6.1.1;
						TestTargetID = 6CB22F2D1A9EBA0D00650120;
					};
				};
			};
			buildConfigurationList = 6CB22F291A9EBA0D00650120 /* Build configuration list for PBXProject "MMDrawerController-issue-searchbar" */;
			compatibilityVersion = "Xcode 3.2";
			developmentRegion = English;
			hasScannedForEncodings = 0;
			knownRegions = (
				en,
				Base,
			);
			mainGroup = 6CB22F251A9EBA0D00650120;
			productRefGroup = 6CB22F2F1A9EBA0D00650120 /* Products */;
			projectDirPath = "";
			projectRoot = "";
			targets = (
				6CB22F2D1A9EBA0D00650120 /* MMDrawerController-issue-searchbar */,
				6CB22F491A9EBA0D00650120 /* MMDrawerController-issue-searchbarTests */,
			);
		};
/* End PBXProject section */

/* Begin PBXResourcesBuildPhase section */
		6CB22F2C1A9EBA0D00650120 /* Resources */ = {
			isa = PBXResourcesBuildPhase;
			buildActionMask = 2147483647;
			files = (
				6CB22F401A9EBA0D00650120 /* Main.storyboard in Resources */,
				6CB22F451A9EBA0D00650120 /* LaunchScreen.xib in Resources */,
				6CB22F421A9EBA0D00650120 /* Images.xcassets in Resources */,
			);
			runOnlyForDeploymentPostprocessing = 0;
		};
		6CB22F481A9EBA0D00650120 /* Resources */ = {
			isa = PBXResourcesBuildPhase;
			buildActionMask = 2147483647;
			files = (
			);
			runOnlyForDeploymentPostprocessing = 0;
		};
/* End PBXResourcesBuildPhase section */

/* Begin PBXSourcesBuildPhase section */
		6CB22F2A1A9EBA0D00650120 /* Sources */ = {
			isa = PBXSourcesBuildPhase;
			buildActionMask = 2147483647;
			files = (
				6CB22F3A1A9EBA0D00650120 /* MMDrawerController_issue_searchbar.xcdatamodeld in Sources */,
				6CB22F371A9EBA0D00650120 /* AppDelegate.m in Sources */,
				6CB22F3D1A9EBA0D00650120 /* ViewController.m in Sources */,
				6CB22F341A9EBA0D00650120 /* main.m in Sources */,
			);
			runOnlyForDeploymentPostprocessing = 0;
		};
		6CB22F461A9EBA0D00650120 /* Sources */ = {
			isa = PBXSourcesBuildPhase;
			buildActionMask = 2147483647;
			files = (
				6CB22F511A9EBA0D00650120 /* MMDrawerController_issue_searchbarTests.m in Sources */,
			);
			runOnlyForDeploymentPostprocessing = 0;
		};
/* End PBXSourcesBuildPhase section */

/* Begin PBXTargetDependency section */
		6CB22F4C1A9EBA0D00650120 /* PBXTargetDependency */ = {
			isa = PBXTargetDependency;
			target = 6CB22F2D1A9EBA0D00650120 /* MMDrawerController-issue-searchbar */;
			targetProxy = 6CB22F4B1A9EBA0D00650120 /* PBXContainerItemProxy */;
		};
/* End PBXTargetDependency section */

/* Begin PBXVariantGroup section */
		6CB22F3E1A9EBA0D00650120 /* Main.storyboard */ = {
			isa = PBXVariantGroup;
			children = (
				6CB22F3F1A9EBA0D00650120 /* Base */,
			);
			name = Main.storyboard;
			sourceTree = "<group>";
		};
		6CB22F431A9EBA0D00650120 /* LaunchScreen.xib */ = {
			isa = PBXVariantGroup;
			children = (
				6CB22F441A9EBA0D00650120 /* Base */,
			);
			name = LaunchScreen.xib;
			sourceTree = "<group>";
		};
/* End PBXVariantGroup section */

/* Begin XCBuildConfiguration section */
		6CB22F521A9EBA0D00650120 /* Debug */ = {
			isa = XCBuildConfiguration;
			buildSettings = {
				ALWAYS_SEARCH_USER_PATHS = NO;
				CLANG_CXX_LANGUAGE_STANDARD = "gnu++0x";
				CLANG_CXX_LIBRARY = "libc++";
				CLANG_ENABLE_MODULES = YES;
				CLANG_ENABLE_OBJC_ARC = YES;
				CLANG_WARN_BOOL_CONVERSION = YES;
				CLANG_WARN_CONSTANT_CONVERSION = YES;
				CLANG_WARN_DIRECT_OBJC_ISA_USAGE = YES_ERROR;
				CLANG_WARN_EMPTY_BODY = YES;
				CLANG_WARN_ENUM_CONVERSION = YES;
				CLANG_WARN_INT_CONVERSION = YES;
				CLANG_WARN_OBJC_ROOT_CLASS = YES_ERROR;
				CLANG_WARN_UNREACHABLE_CODE = YES;
				CLANG_WARN__DUPLICATE_METHOD_MATCH = YES;
				"CODE_SIGN_IDENTITY[sdk=iphoneos*]" = "iPhone Developer";
				COPY_PHASE_STRIP = NO;
				ENABLE_STRICT_OBJC_MSGSEND = YES;
				GCC_C_LANGUAGE_STANDARD = gnu99;
				GCC_DYNAMIC_NO_PIC = NO;
				GCC_OPTIMIZATION_LEVEL = 0;
				GCC_PREPROCESSOR_DEFINITIONS = (
					"DEBUG=1",
					"$(inherited)",
				);
				GCC_SYMBOLS_PRIVATE_EXTERN = NO;
				GCC_WARN_64_TO_32_BIT_CONVERSION = YES;
				GCC_WARN_ABOUT_RETURN_TYPE = YES_ERROR;
				GCC_WARN_UNDECLARED_SELECTOR = YES;
				GCC_WARN_UNINITIALIZED_AUTOS = YES_AGGRESSIVE;
				GCC_WARN_UNUSED_FUNCTION = YES;
				GCC_WARN_UNUSED_VARIABLE = YES;
				IPHONEOS_DEPLOYMENT_TARGET = 8.1;
				MTL_ENABLE_DEBUG_INFO = YES;
				ONLY_ACTIVE_ARCH = YES;
				SDKROOT = iphoneos;
				TARGETED_DEVICE_FAMILY = "1,2";
			};
			name = Debug;
		};
		6CB22F531A9EBA0D00650120 /* Release */ = {
			isa = XCBuildConfiguration;
			buildSettings = {
				ALWAYS_SEARCH_USER_PATHS = NO;
				CLANG_CXX_LANGUAGE_STANDARD = "gnu++0x";
				CLANG_CXX_LIBRARY = "libc++";
				CLANG_ENABLE_MODULES = YES;
				CLANG_ENABLE_OBJC_ARC = YES;
				CLANG_WARN_BOOL_CONVERSION = YES;
				CLANG_WARN_CONSTANT_CONVERSION = YES;
				CLANG_WARN_DIRECT_OBJC_ISA_USAGE = YES_ERROR;
				CLANG_WARN_EMPTY_BODY = YES;
				CLANG_WARN_ENUM_CONVERSION = YES;
				CLANG_WARN_INT_CONVERSION = YES;
				CLANG_WARN_OBJC_ROOT_CLASS = YES_ERROR;
				CLANG_WARN_UNREACHABLE_CODE = YES;
				CLANG_WARN__DUPLICATE_METHOD_MATCH = YES;
				"CODE_SIGN_IDENTITY[sdk=iphoneos*]" = "iPhone Developer";
				COPY_PHASE_STRIP = YES;
				ENABLE_NS_ASSERTIONS = NO;
				ENABLE_STRICT_OBJC_MSGSEND = YES;
				GCC_C_LANGUAGE_STANDARD = gnu99;
				GCC_WARN_64_TO_32_BIT_CONVERSION = YES;
				GCC_WARN_ABOUT_RETURN_TYPE = YES_ERROR;
				GCC_WARN_UNDECLARED_SELECTOR = YES;
				GCC_WARN_UNINITIALIZED_AUTOS = YES_AGGRESSIVE;
				GCC_WARN_UNUSED_FUNCTION = YES;
				GCC_WARN_UNUSED_VARIABLE = YES;
				IPHONEOS_DEPLOYMENT_TARGET = 8.1;
				MTL_ENABLE_DEBUG_INFO = NO;
				SDKROOT = iphoneos;
				TARGETED_DEVICE_FAMILY = "1,2";
				VALIDATE_PRODUCT = YES;
			};
			name = Release;
		};
		6CB22F551A9EBA0D00650120 /* Debug */ = {
			isa = XCBuildConfiguration;
			buildSettings = {
				ASSETCATALOG_COMPILER_APPICON_NAME = AppIcon;
				INFOPLIST_FILE = "MMDrawerController-issue-searchbar/Info.plist";
				LD_RUNPATH_SEARCH_PATHS = "$(inherited) @executable_path/Frameworks";
				PRODUCT_NAME = "$(TARGET_NAME)";
			};
			name = Debug;
		};
		6CB22F561A9EBA0D00650120 /* Release */ = {
			isa = XCBuildConfiguration;
			buildSettings = {
				ASSETCATALOG_COMPILER_APPICON_NAME = AppIcon;
				INFOPLIST_FILE = "MMDrawerController-issue-searchbar/Info.plist";
				LD_RUNPATH_SEARCH_PATHS = "$(inherited) @executable_path/Frameworks";
				PRODUCT_NAME = "$(TARGET_NAME)";
			};
			name = Release;
		};
		6CB22F581A9EBA0D00650120 /* Debug */ = {
			isa = XCBuildConfiguration;
			buildSettings = {
				BUNDLE_LOADER = "$(TEST_HOST)";
				FRAMEWORK_SEARCH_PATHS = (
					"$(SDKROOT)/Developer/Library/Frameworks",
					"$(inherited)",
				);
				GCC_PREPROCESSOR_DEFINITIONS = (
					"DEBUG=1",
					"$(inherited)",
				);
				INFOPLIST_FILE = "MMDrawerController-issue-searchbarTests/Info.plist";
				LD_RUNPATH_SEARCH_PATHS = "$(inherited) @executable_path/Frameworks @loader_path/Frameworks";
				PRODUCT_NAME = "$(TARGET_NAME)";
				TEST_HOST = "$(BUILT_PRODUCTS_DIR)/MMDrawerController-issue-searchbar.app/MMDrawerController-issue-searchbar";
			};
			name = Debug;
		};
		6CB22F591A9EBA0D00650120 /* Release */ = {
			isa = XCBuildConfiguration;
			buildSettings = {
				BUNDLE_LOADER = "$(TEST_HOST)";
				FRAMEWORK_SEARCH_PATHS = (
					"$(SDKROOT)/Developer/Library/Frameworks",
					"$(inherited)",
				);
				INFOPLIST_FILE = "MMDrawerController-issue-searchbarTests/Info.plist";
				LD_RUNPATH_SEARCH_PATHS = "$(inherited) @executable_path/Frameworks @loader_path/Frameworks";
				PRODUCT_NAME = "$(TARGET_NAME)";
				TEST_HOST = "$(BUILT_PRODUCTS_DIR)/MMDrawerController-issue-searchbar.app/MMDrawerController-issue-searchbar";
			};
			name = Release;
		};
/* End XCBuildConfiguration section */

/* Begin XCConfigurationList section */
		6CB22F291A9EBA0D00650120 /* Build configuration list for PBXProject "MMDrawerController-issue-searchbar" */ = {
			isa = XCConfigurationList;
			buildConfigurations = (
				6CB22F521A9EBA0D00650120 /* Debug */,
				6CB22F531A9EBA0D00650120 /* Release */,
			);
			defaultConfigurationIsVisible = 0;
			defaultConfigurationName = Release;
		};
		6CB22F541A9EBA0D00650120 /* Build configuration list for PBXNativeTarget "MMDrawerController-issue-searchbar" */ = {
			isa = XCConfigurationList;
			buildConfigurations = (
				6CB22F551A9EBA0D00650120 /* Debug */,
				6CB22F561A9EBA0D00650120 /* Release */,
			);
			defaultConfigurationIsVisible = 0;
		};
		6CB22F571A9EBA0D00650120 /* Build configuration list for PBXNativeTarget "MMDrawerController-issue-searchbarTests" */ = {
			isa = XCConfigurationList;
			buildConfigurations = (
				6CB22F581A9EBA0D00650120 /* Debug */,
				6CB22F591A9EBA0D00650120 /* Release */,
			);
			defaultConfigurationIsVisible = 0;
		};
/* End XCConfigurationList section */

/* Begin XCVersionGroup section */
		6CB22F381A9EBA0D00650120 /* MMDrawerController_issue_searchbar.xcdatamodeld */ = {
			isa = XCVersionGroup;
			children = (
				6CB22F391A9EBA0D00650120 /* MMDrawerController_issue_searchbar.xcdatamodel */,
			);
			currentVersion = 6CB22F391A9EBA0D00650120 /* MMDrawerController_issue_searchbar.xcdatamodel */;
			path = MMDrawerController_issue_searchbar.xcdatamodeld;
			sourceTree = "<group>";
			versionGroupType = wrapper.xcdatamodel;
		};
/* End XCVersionGroup section */
	};
	rootObject = 6CB22F261A9EBA0D00650120 /* Project object */;
}
